
Microsoft Visual Studio Solution File, Format Version 12.00
# Visual Studio Version 17
VisualStudioVersion = 17.6.33723.286
MinimumVisualStudioVersion = 10.0.40219.1
Project("{FAE04EC0-301F-11D3-BF4B-00C04F79EFBC}") = "Si_HQlessHumansLose", "Si_HQlessHumansLose.csproj", "{D168CB5D-52D6-400A-B04E-2F3F0FCF711D}"
EndProject
Global
	GlobalSection(SolutionConfigurationPlatforms) = preSolution
		Debug|Any CPU = Debug|Any CPU
		Release|Any CPU = Release|Any CPU
	EndGlobalSection
	GlobalSection(ProjectConfigurationPlatforms) = postSolution
		{D168CB5D-52D6-400A-B04E-2F3F0FCF711D}.Debug|Any CPU.ActiveCfg = Debug|Any CPU
		{D168CB5D-52D6-400A-B04E-2F3F0FCF711D}.Debug|Any CPU.Build.0 = Debug|Any CPU
		{D168CB5D-52D6-400A-B04E-2F3F0FCF711D}.Release|Any CPU.ActiveCfg = Release|Any CPU
		{D168CB5D-52D6-400A-B04E-2F3F0FCF711D}.Release|Any CPU.Build.0 = Release|Any CPU
	EndGlobalSection
	GlobalSection(SolutionProperties) = preSolution
		HideSolutionNode = FALSE
	EndGlobalSection
	GlobalSection(ExtensibilityGlobals) = postSolution
		SolutionGuid = {35CB38E6-4B2C-4A7E-B75B-88D3E2B6B220}
	EndGlobalSection
EndGlobal
