
Microsoft Visual Studio Solution File, Format Version 12.00
# Visual Studio Version 17
VisualStudioVersion = 17.6.33723.286
MinimumVisualStudioVersion = 10.0.40219.1
Project("{FAE04EC0-301F-11D3-BF4B-00C04F79EFBC}") = "Si_WormBounty", "Si_WormBounty.csproj", "{98DA2BBC-E151-40EB-97B3-76B36D8165D5}"
EndProject
Global
	GlobalSection(SolutionConfigurationPlatforms) = preSolution
		Debug|Any CPU = Debug|Any CPU
		Release|Any CPU = Release|Any CPU
	EndGlobalSection
	GlobalSection(ProjectConfigurationPlatforms) = postSolution
		{98DA2BBC-E151-40EB-97B3-76B36D8165D5}.Debug|Any CPU.ActiveCfg = Debug|Any CPU
		{98DA2BBC-E151-40EB-97B3-76B36D8165D5}.Debug|Any CPU.Build.0 = Debug|Any CPU
		{98DA2BBC-E151-40EB-97B3-76B36D8165D5}.Release|Any CPU.ActiveCfg = Release|Any CPU
		{98DA2BBC-E151-40EB-97B3-76B36D8165D5}.Release|Any CPU.Build.0 = Release|Any CPU
	EndGlobalSection
	GlobalSection(SolutionProperties) = preSolution
		HideSolutionNode = FALSE
	EndGlobalSection
	GlobalSection(ExtensibilityGlobals) = postSolution
		SolutionGuid = {F5AA1254-2B36-4A67-9939-0D011BF03A98}
	EndGlobalSection
EndGlobal
