
Microsoft Visual Studio Solution File, Format Version 12.00
# Visual Studio Version 17
VisualStudioVersion = 17.6.33723.286
MinimumVisualStudioVersion = 10.0.40219.1
Project("{FAE04EC0-301F-11D3-BF4B-00C04F79EFBC}") = "Si_BasicTeamBalance", "Si_BasicTeamBalance.csproj", "{BE189171-899F-40A6-B61E-5227FCA80280}"
EndProject
Global
	GlobalSection(SolutionConfigurationPlatforms) = preSolution
		Debug|Any CPU = Debug|Any CPU
		Release|Any CPU = Release|Any CPU
	EndGlobalSection
	GlobalSection(ProjectConfigurationPlatforms) = postSolution
		{BE189171-899F-40A6-B61E-5227FCA80280}.Debug|Any CPU.ActiveCfg = Debug|Any CPU
		{BE189171-899F-40A6-B61E-5227FCA80280}.Debug|Any CPU.Build.0 = Debug|Any CPU
		{BE189171-899F-40A6-B61E-5227FCA80280}.Release|Any CPU.ActiveCfg = Release|Any CPU
		{BE189171-899F-40A6-B61E-5227FCA80280}.Release|Any CPU.Build.0 = Release|Any CPU
	EndGlobalSection
	GlobalSection(SolutionProperties) = preSolution
		HideSolutionNode = FALSE
	EndGlobalSection
	GlobalSection(ExtensibilityGlobals) = postSolution
		SolutionGuid = {49CF867A-5EED-4F83-B98D-45891C0AABE8}
	EndGlobalSection
EndGlobal
