
Microsoft Visual Studio Solution File, Format Version 12.00
# Visual Studio Version 17
VisualStudioVersion = 17.6.33723.286
MinimumVisualStudioVersion = 10.0.40219.1
Project("{FAE04EC0-301F-11D3-BF4B-00C04F79EFBC}") = "Si_R-AntiCheat", "Si_R-AntiCheat.csproj", "{B9BCCBE5-478F-406D-A9F2-D3CF1BD7FAF5}"
EndProject
Global
	GlobalSection(SolutionConfigurationPlatforms) = preSolution
		Debug|Any CPU = Debug|Any CPU
		Release|Any CPU = Release|Any CPU
	EndGlobalSection
	GlobalSection(ProjectConfigurationPlatforms) = postSolution
		{B9BCCBE5-478F-406D-A9F2-D3CF1BD7FAF5}.Debug|Any CPU.ActiveCfg = Debug|Any CPU
		{B9BCCBE5-478F-406D-A9F2-D3CF1BD7FAF5}.Debug|Any CPU.Build.0 = Debug|Any CPU
		{B9BCCBE5-478F-406D-A9F2-D3CF1BD7FAF5}.Release|Any CPU.ActiveCfg = Release|Any CPU
		{B9BCCBE5-478F-406D-A9F2-D3CF1BD7FAF5}.Release|Any CPU.Build.0 = Release|Any CPU
	EndGlobalSection
	GlobalSection(SolutionProperties) = preSolution
		HideSolutionNode = FALSE
	EndGlobalSection
	GlobalSection(ExtensibilityGlobals) = postSolution
		SolutionGuid = {76CEDFED-FBB7-4EF1-B2B3-18B41D064B9A}
	EndGlobalSection
EndGlobal
