
Microsoft Visual Studio Solution File, Format Version 12.00
# Visual Studio Version 17
VisualStudioVersion = 17.6.33723.286
MinimumVisualStudioVersion = 10.0.40219.1
Project("{FAE04EC0-301F-11D3-BF4B-00C04F79EFBC}") = "Si_Eject", "Si_Eject.csproj", "{60A1FD57-4D2C-4BA3-84FE-BEBE261B21CF}"
EndProject
Global
	GlobalSection(SolutionConfigurationPlatforms) = preSolution
		Debug|Any CPU = Debug|Any CPU
		Release|Any CPU = Release|Any CPU
	EndGlobalSection
	GlobalSection(ProjectConfigurationPlatforms) = postSolution
		{60A1FD57-4D2C-4BA3-84FE-BEBE261B21CF}.Debug|Any CPU.ActiveCfg = Debug|Any CPU
		{60A1FD57-4D2C-4BA3-84FE-BEBE261B21CF}.Debug|Any CPU.Build.0 = Debug|Any CPU
		{60A1FD57-4D2C-4BA3-84FE-BEBE261B21CF}.Release|Any CPU.ActiveCfg = Release|Any CPU
		{60A1FD57-4D2C-4BA3-84FE-BEBE261B21CF}.Release|Any CPU.Build.0 = Release|Any CPU
	EndGlobalSection
	GlobalSection(SolutionProperties) = preSolution
		HideSolutionNode = FALSE
	EndGlobalSection
	GlobalSection(ExtensibilityGlobals) = postSolution
		SolutionGuid = {F5E413C6-6A13-4464-9AD8-C59A8C077D29}
	EndGlobalSection
EndGlobal
