
Microsoft Visual Studio Solution File, Format Version 12.00
# Visual Studio Version 17
VisualStudioVersion = 17.6.33723.286
MinimumVisualStudioVersion = 10.0.40219.1
Project("{FAE04EC0-301F-11D3-BF4B-00C04F79EFBC}") = "Si_ChatSilence", "Si_ChatSilence.csproj", "{B516BA87-274A-4E85-81DC-51564F697DCC}"
EndProject
Global
	GlobalSection(SolutionConfigurationPlatforms) = preSolution
		Debug|Any CPU = Debug|Any CPU
		Release|Any CPU = Release|Any CPU
	EndGlobalSection
	GlobalSection(ProjectConfigurationPlatforms) = postSolution
		{B516BA87-274A-4E85-81DC-51564F697DCC}.Debug|Any CPU.ActiveCfg = Debug|Any CPU
		{B516BA87-274A-4E85-81DC-51564F697DCC}.Debug|Any CPU.Build.0 = Debug|Any CPU
		{B516BA87-274A-4E85-81DC-51564F697DCC}.Release|Any CPU.ActiveCfg = Release|Any CPU
		{B516BA87-274A-4E85-81DC-51564F697DCC}.Release|Any CPU.Build.0 = Release|Any CPU
	EndGlobalSection
	GlobalSection(SolutionProperties) = preSolution
		HideSolutionNode = FALSE
	EndGlobalSection
	GlobalSection(ExtensibilityGlobals) = postSolution
		SolutionGuid = {AA34430D-5E5D-4E93-A9AC-DBD18DAF02EB}
	EndGlobalSection
EndGlobal
