
Microsoft Visual Studio Solution File, Format Version 12.00
# Visual Studio Version 17
VisualStudioVersion = 17.6.33723.286
MinimumVisualStudioVersion = 10.0.40219.1
Project("{FAE04EC0-301F-11D3-BF4B-00C04F79EFBC}") = "Si_Webhooks", "Si_Webhooks.csproj", "{1D5AEC34-3B19-489E-A8A9-4269EB7F0D17}"
EndProject
Global
	GlobalSection(SolutionConfigurationPlatforms) = preSolution
		Debug|Any CPU = Debug|Any CPU
		Release|Any CPU = Release|Any CPU
	EndGlobalSection
	GlobalSection(ProjectConfigurationPlatforms) = postSolution
		{1D5AEC34-3B19-489E-A8A9-4269EB7F0D17}.Debug|Any CPU.ActiveCfg = Debug|Any CPU
		{1D5AEC34-3B19-489E-A8A9-4269EB7F0D17}.Debug|Any CPU.Build.0 = Debug|Any CPU
		{1D5AEC34-3B19-489E-A8A9-4269EB7F0D17}.Release|Any CPU.ActiveCfg = Release|Any CPU
		{1D5AEC34-3B19-489E-A8A9-4269EB7F0D17}.Release|Any CPU.Build.0 = Release|Any CPU
	EndGlobalSection
	GlobalSection(SolutionProperties) = preSolution
		HideSolutionNode = FALSE
	EndGlobalSection
	GlobalSection(ExtensibilityGlobals) = postSolution
		SolutionGuid = {2A9B8C4B-1D97-4ADF-8AE3-25A997580644}
	EndGlobalSection
EndGlobal
