
Microsoft Visual Studio Solution File, Format Version 12.00
# Visual Studio Version 17
VisualStudioVersion = 17.6.33723.286
MinimumVisualStudioVersion = 10.0.40219.1
Project("{FAE04EC0-301F-11D3-BF4B-00C04F79EFBC}") = "Si_AdminMod", "Si_AdminMod.csproj", "{DAA7A313-7983-4B60-A15F-F9688A378863}"
EndProject
Global
	GlobalSection(SolutionConfigurationPlatforms) = preSolution
		Debug|Any CPU = Debug|Any CPU
		Release|Any CPU = Release|Any CPU
	EndGlobalSection
	GlobalSection(ProjectConfigurationPlatforms) = postSolution
		{DAA7A313-7983-4B60-A15F-F9688A378863}.Debug|Any CPU.ActiveCfg = Debug|Any CPU
		{DAA7A313-7983-4B60-A15F-F9688A378863}.Debug|Any CPU.Build.0 = Debug|Any CPU
		{DAA7A313-7983-4B60-A15F-F9688A378863}.Release|Any CPU.ActiveCfg = Release|Any CPU
		{DAA7A313-7983-4B60-A15F-F9688A378863}.Release|Any CPU.Build.0 = Release|Any CPU
	EndGlobalSection
	GlobalSection(SolutionProperties) = preSolution
		HideSolutionNode = FALSE
	EndGlobalSection
	GlobalSection(ExtensibilityGlobals) = postSolution
		SolutionGuid = {7891F755-4180-4EDA-AA47-BB31FC4F70CC}
	EndGlobalSection
EndGlobal
