
Microsoft Visual Studio Solution File, Format Version 12.00
# Visual Studio Version 17
VisualStudioVersion = 17.6.33723.286
MinimumVisualStudioVersion = 10.0.40219.1
Project("{FAE04EC0-301F-11D3-BF4B-00C04F79EFBC}") = "Si_BetterSpawns", "Si_BetterSpawns.csproj", "{A13A5A12-DEB9-47E7-AC08-A93DB8AAE692}"
EndProject
Global
	GlobalSection(SolutionConfigurationPlatforms) = preSolution
		Debug|Any CPU = Debug|Any CPU
		Release|Any CPU = Release|Any CPU
	EndGlobalSection
	GlobalSection(ProjectConfigurationPlatforms) = postSolution
		{A13A5A12-DEB9-47E7-AC08-A93DB8AAE692}.Debug|Any CPU.ActiveCfg = Debug|Any CPU
		{A13A5A12-DEB9-47E7-AC08-A93DB8AAE692}.Debug|Any CPU.Build.0 = Debug|Any CPU
		{A13A5A12-DEB9-47E7-AC08-A93DB8AAE692}.Release|Any CPU.ActiveCfg = Release|Any CPU
		{A13A5A12-DEB9-47E7-AC08-A93DB8AAE692}.Release|Any CPU.Build.0 = Release|Any CPU
	EndGlobalSection
	GlobalSection(SolutionProperties) = preSolution
		HideSolutionNode = FALSE
	EndGlobalSection
	GlobalSection(ExtensibilityGlobals) = postSolution
		SolutionGuid = {4903F958-C390-40A1-B3B8-3D5B54644BA2}
	EndGlobalSection
EndGlobal
