
Microsoft Visual Studio Solution File, Format Version 12.00
# Visual Studio Version 17
VisualStudioVersion = 17.6.33723.286
MinimumVisualStudioVersion = 10.0.40219.1
Project("{FAE04EC0-301F-11D3-BF4B-00C04F79EFBC}") = "Si_AFKManager", "Si_AFKManager.csproj", "{52BFD156-63AB-4181-AE29-A5B6176B15D3}"
EndProject
Global
	GlobalSection(SolutionConfigurationPlatforms) = preSolution
		Debug|Any CPU = Debug|Any CPU
		Release|Any CPU = Release|Any CPU
	EndGlobalSection
	GlobalSection(ProjectConfigurationPlatforms) = postSolution
		{52BFD156-63AB-4181-AE29-A5B6176B15D3}.Debug|Any CPU.ActiveCfg = Debug|Any CPU
		{52BFD156-63AB-4181-AE29-A5B6176B15D3}.Debug|Any CPU.Build.0 = Debug|Any CPU
		{52BFD156-63AB-4181-AE29-A5B6176B15D3}.Release|Any CPU.ActiveCfg = Release|Any CPU
		{52BFD156-63AB-4181-AE29-A5B6176B15D3}.Release|Any CPU.Build.0 = Release|Any CPU
	EndGlobalSection
	GlobalSection(SolutionProperties) = preSolution
		HideSolutionNode = FALSE
	EndGlobalSection
	GlobalSection(ExtensibilityGlobals) = postSolution
		SolutionGuid = {FED55190-74E4-4C16-AF69-5D1E3635A7C9}
	EndGlobalSection
EndGlobal
